
Microsoft Visual Studio Solution File, Format Version 12.00
# Visual Studio Version 17
VisualStudioVersion = 17.6.33829.357
MinimumVisualStudioVersion = 10.0.40219.1
Project("{FAE04EC0-301F-11D3-BF4B-00C04F79EFBC}") = "VisualProject", "VisualProject\VisualProject.csproj", "{13DFDFE3-3BB4-4D60-B5E6-072EEAFB435E}"
EndProject
Global
	GlobalSection(SolutionConfigurationPlatforms) = preSolution
		Debug|Any CPU = Debug|Any CPU
		Release|Any CPU = Release|Any CPU
	EndGlobalSection
	GlobalSection(ProjectConfigurationPlatforms) = postSolution
		{13DFDFE3-3BB4-4D60-B5E6-072EEAFB435E}.Debug|Any CPU.ActiveCfg = Debug|Any CPU
		{13DFDFE3-3BB4-4D60-B5E6-072EEAFB435E}.Debug|Any CPU.Build.0 = Debug|Any CPU
		{13DFDFE3-3BB4-4D60-B5E6-072EEAFB435E}.Release|Any CPU.ActiveCfg = Release|Any CPU
		{13DFDFE3-3BB4-4D60-B5E6-072EEAFB435E}.Release|Any CPU.Build.0 = Release|Any CPU
	EndGlobalSection
	GlobalSection(SolutionProperties) = preSolution
		HideSolutionNode = FALSE
	EndGlobalSection
	GlobalSection(ExtensibilityGlobals) = postSolution
		SolutionGuid = {73F955E9-84FE-4448-8D65-4717552128DF}
	EndGlobalSection
EndGlobal
